
Microsoft Visual Studio Solution File, Format Version 12.00
# Visual Studio 14
VisualStudioVersion = 14.0.25420.1
MinimumVisualStudioVersion = 10.0.40219.1
Project("{FAE04EC0-301F-11D3-BF4B-00C04F79EFBC}") = "csu", "csu\csu.csproj", "{C026BA5E-8FF5-419C-B91C-D848FA84E0E0}"
EndProject
Project("{FAE04EC0-301F-11D3-BF4B-00C04F79EFBC}") = "server", "server\server.csproj", "{9B14DC47-A7A8-4F5D-9144-9F254BC9734E}"
EndProject
Project("{FAE04EC0-301F-11D3-BF4B-00C04F79EFBC}") = "mapconverter", "mapconverter\mapconverter.csproj", "{91E35DA6-C3E6-4177-9CE9-77A514C339EF}"
EndProject
Project("{FAE04EC0-301F-11D3-BF4B-00C04F79EFBC}") = "PathFinder", "..\el-tools\PathFinder\PathFinder.csproj", "{0DD6FF57-3FA6-46FD-B263-4921E41C356D}"
EndProject
Project("{FAE04EC0-301F-11D3-BF4B-00C04F79EFBC}") = "MapManager", "..\el-tools\MapManager\MapManager.csproj", "{FFDB4C81-1230-4AAF-8006-A5788E68C98C}"
EndProject
Project("{FAE04EC0-301F-11D3-BF4B-00C04F79EFBC}") = "PathFinderTests", "..\el-tools\PathFinderTests\PathFinderTests.csproj", "{771D1985-26EA-4B69-A2F7-5FCDF9D6CFBE}"
EndProject
Global
	GlobalSection(SolutionConfigurationPlatforms) = preSolution
		Debug|Any CPU = Debug|Any CPU
		Release|Any CPU = Release|Any CPU
	EndGlobalSection
	GlobalSection(ProjectConfigurationPlatforms) = postSolution
		{C026BA5E-8FF5-419C-B91C-D848FA84E0E0}.Debug|Any CPU.ActiveCfg = Debug|Any CPU
		{C026BA5E-8FF5-419C-B91C-D848FA84E0E0}.Debug|Any CPU.Build.0 = Debug|Any CPU
		{C026BA5E-8FF5-419C-B91C-D848FA84E0E0}.Release|Any CPU.ActiveCfg = Release|Any CPU
		{C026BA5E-8FF5-419C-B91C-D848FA84E0E0}.Release|Any CPU.Build.0 = Release|Any CPU
		{9B14DC47-A7A8-4F5D-9144-9F254BC9734E}.Debug|Any CPU.ActiveCfg = Debug|Any CPU
		{9B14DC47-A7A8-4F5D-9144-9F254BC9734E}.Debug|Any CPU.Build.0 = Debug|Any CPU
		{9B14DC47-A7A8-4F5D-9144-9F254BC9734E}.Release|Any CPU.ActiveCfg = Release|Any CPU
		{9B14DC47-A7A8-4F5D-9144-9F254BC9734E}.Release|Any CPU.Build.0 = Release|Any CPU
		{91E35DA6-C3E6-4177-9CE9-77A514C339EF}.Debug|Any CPU.ActiveCfg = Debug|Any CPU
		{91E35DA6-C3E6-4177-9CE9-77A514C339EF}.Debug|Any CPU.Build.0 = Debug|Any CPU
		{91E35DA6-C3E6-4177-9CE9-77A514C339EF}.Release|Any CPU.ActiveCfg = Release|Any CPU
		{91E35DA6-C3E6-4177-9CE9-77A514C339EF}.Release|Any CPU.Build.0 = Release|Any CPU
		{0DD6FF57-3FA6-46FD-B263-4921E41C356D}.Debug|Any CPU.ActiveCfg = Debug|Any CPU
		{0DD6FF57-3FA6-46FD-B263-4921E41C356D}.Debug|Any CPU.Build.0 = Debug|Any CPU
		{0DD6FF57-3FA6-46FD-B263-4921E41C356D}.Release|Any CPU.ActiveCfg = Release|Any CPU
		{0DD6FF57-3FA6-46FD-B263-4921E41C356D}.Release|Any CPU.Build.0 = Release|Any CPU
		{FFDB4C81-1230-4AAF-8006-A5788E68C98C}.Debug|Any CPU.ActiveCfg = Debug|Any CPU
		{FFDB4C81-1230-4AAF-8006-A5788E68C98C}.Debug|Any CPU.Build.0 = Debug|Any CPU
		{FFDB4C81-1230-4AAF-8006-A5788E68C98C}.Release|Any CPU.ActiveCfg = Release|Any CPU
		{FFDB4C81-1230-4AAF-8006-A5788E68C98C}.Release|Any CPU.Build.0 = Release|Any CPU
		{771D1985-26EA-4B69-A2F7-5FCDF9D6CFBE}.Debug|Any CPU.ActiveCfg = Debug|Any CPU
		{771D1985-26EA-4B69-A2F7-5FCDF9D6CFBE}.Debug|Any CPU.Build.0 = Debug|Any CPU
		{771D1985-26EA-4B69-A2F7-5FCDF9D6CFBE}.Release|Any CPU.ActiveCfg = Release|Any CPU
		{771D1985-26EA-4B69-A2F7-5FCDF9D6CFBE}.Release|Any CPU.Build.0 = Release|Any CPU
	EndGlobalSection
	GlobalSection(SolutionProperties) = preSolution
		HideSolutionNode = FALSE
	EndGlobalSection
EndGlobal
